
Microsoft Visual Studio Solution File, Format Version 12.00
# Visual Studio 15
VisualStudioVersion = 15.0.28307.271
MinimumVisualStudioVersion = 10.0.40219.1
Project("{FAE04EC0-301F-11D3-BF4B-00C04F79EFBC}") = "Calculator", "Calculator\Calculator.csproj", "{3F20657F-3A89-4028-B013-78CCB6142B73}"
EndProject
Project("{FAE04EC0-301F-11D3-BF4B-00C04F79EFBC}") = "CalculatorTest", "CalculatorTest\CalculatorTest.csproj", "{AD17A402-7461-43CC-802D-0ED864426231}"
EndProject
Global
	GlobalSection(SolutionConfigurationPlatforms) = preSolution
		Debug|Any CPU = Debug|Any CPU
		Release|Any CPU = Release|Any CPU
	EndGlobalSection
	GlobalSection(ProjectConfigurationPlatforms) = postSolution
		{3F20657F-3A89-4028-B013-78CCB6142B73}.Debug|Any CPU.ActiveCfg = Debug|Any CPU
		{3F20657F-3A89-4028-B013-78CCB6142B73}.Debug|Any CPU.Build.0 = Debug|Any CPU
		{3F20657F-3A89-4028-B013-78CCB6142B73}.Release|Any CPU.ActiveCfg = Release|Any CPU
		{3F20657F-3A89-4028-B013-78CCB6142B73}.Release|Any CPU.Build.0 = Release|Any CPU
		{AD17A402-7461-43CC-802D-0ED864426231}.Debug|Any CPU.ActiveCfg = Debug|Any CPU
		{AD17A402-7461-43CC-802D-0ED864426231}.Debug|Any CPU.Build.0 = Debug|Any CPU
		{AD17A402-7461-43CC-802D-0ED864426231}.Release|Any CPU.ActiveCfg = Release|Any CPU
		{AD17A402-7461-43CC-802D-0ED864426231}.Release|Any CPU.Build.0 = Release|Any CPU
	EndGlobalSection
	GlobalSection(SolutionProperties) = preSolution
		HideSolutionNode = FALSE
	EndGlobalSection
	GlobalSection(ExtensibilityGlobals) = postSolution
		SolutionGuid = {29474124-CD6D-4EAE-B94D-123A92E0B855}
	EndGlobalSection
EndGlobal
